// !$*UTF8*$!
{
	archiveVersion = 1;
	classes = {
	};
	objectVersion = 46;
	objects = {

/* Begin PBXBuildFile section */
		AD413EC11ECC85280000F383 /* OXTowerView.m in Sources */ = {isa = PBXBuildFile; fileRef = AD413EC01ECC85280000F383 /* OXTowerView.m */; };
		B876C5521EC0852B0083604F /* main.m in Sources */ = {isa = PBXBuildFile; fileRef = B876C5511EC0852B0083604F /* main.m */; };
		B876C5551EC0852B0083604F /* AppDelegate.m in Sources */ = {isa = PBXBuildFile; fileRef = B876C5541EC0852B0083604F /* AppDelegate.m */; };
		B876C5581EC0852B0083604F /* ViewController.m in Sources */ = {isa = PBXBuildFile; fileRef = B876C5571EC0852B0083604F /* ViewController.m */; };
		B876C55B1EC0852B0083604F /* Main.storyboard in Resources */ = {isa = PBXBuildFile; fileRef = B876C5591EC0852B0083604F /* Main.storyboard */; };
		B876C55D1EC0852B0083604F /* Assets.xcassets in Resources */ = {isa = PBXBuildFile; fileRef = B876C55C1EC0852B0083604F /* Assets.xcassets */; };
		B876C5601EC0852C0083604F /* LaunchScreen.storyboard in Resources */ = {isa = PBXBuildFile; fileRef = B876C55E1EC0852C0083604F /* LaunchScreen.storyboard */; };
		B876C56B1EC0852C0083604F /* OXHanoiDemoTests.m in Sources */ = {isa = PBXBuildFile; fileRef = B876C56A1EC0852C0083604F /* OXHanoiDemoTests.m */; };
		B876C5761EC0852C0083604F /* OXHanoiDemoUITests.m in Sources */ = {isa = PBXBuildFile; fileRef = B876C5751EC0852C0083604F /* OXHanoiDemoUITests.m */; };
		B876C5851EC08F220083604F /* OXMoveViewController.m in Sources */ = {isa = PBXBuildFile; fileRef = B876C5841EC08F220083604F /* OXMoveViewController.m */; };
/* End PBXBuildFile section */

/* Begin PBXContainerItemProxy section */
		B876C5671EC0852C0083604F /* PBXContainerItemProxy */ = {
			isa = PBXContainerItemProxy;
			containerPortal = B876C5451EC0852B0083604F /* Project object */;
			proxyType = 1;
			remoteGlobalIDString = B876C54C1EC0852B0083604F;
			remoteInfo = OXHanoiDemo;
		};
		B876C5721EC0852C0083604F /* PBXContainerItemProxy */ = {
			isa = PBXContainerItemProxy;
			containerPortal = B876C5451EC0852B0083604F /* Project object */;
			proxyType = 1;
			remoteGlobalIDString = B876C54C1EC0852B0083604F;
			remoteInfo = OXHanoiDemo;
		};
/* End PBXContainerItemProxy section */

/* Begin PBXFileReference section */
		AD413EBF1ECC85280000F383 /* OXTowerView.h */ = {isa = PBXFileReference; fileEncoding = 4; lastKnownFileType = sourcecode.c.h; path = OXTowerView.h; sourceTree = "<group>"; };
		AD413EC01ECC85280000F383 /* OXTowerView.m */ = {isa = PBXFileReference; fileEncoding = 4; lastKnownFileType = sourcecode.c.objc; path = OXTowerView.m; sourceTree = "<group>"; };
		B876C54D1EC0852B0083604F /* OXHanoiDemo.app */ = {isa = PBXFileReference; explicitFileType = wrapper.application; includeInIndex = 0; path = OXHanoiDemo.app; sourceTree = BUILT_PRODUCTS_DIR; };
		B876C5511EC0852B0083604F /* main.m */ = {isa = PBXFileReference; lastKnownFileType = sourcecode.c.objc; path = main.m; sourceTree = "<group>"; };
		B876C5531EC0852B0083604F /* AppDelegate.h */ = {isa = PBXFileReference; lastKnownFileType = sourcecode.c.h; path = AppDelegate.h; sourceTree = "<group>"; };
		B876C5541EC0852B0083604F /* AppDelegate.m */ = {isa = PBXFileReference; lastKnownFileType = sourcecode.c.objc; path = AppDelegate.m; sourceTree = "<group>"; };
		B876C5561EC0852B0083604F /* ViewController.h */ = {isa = PBXFileReference; lastKnownFileType = sourcecode.c.h; path = ViewController.h; sourceTree = "<group>"; };
		B876C5571EC0852B0083604F /* ViewController.m */ = {isa = PBXFileReference; lastKnownFileType = sourcecode.c.objc; path = ViewController.m; sourceTree = "<group>"; };
		B876C55A1EC0852B0083604F /* Base */ = {isa = PBXFileReference; lastKnownFileType = file.storyboard; name = Base; path = Base.lproj/Main.storyboard; sourceTree = "<group>"; };
		B876C55C1EC0852B0083604F /* Assets.xcassets */ = {isa = PBXFileReference; lastKnownFileType = folder.assetcatalog; path = Assets.xcassets; sourceTree = "<group>"; };
		B876C55F1EC0852C0083604F /* Base */ = {isa = PBXFileReference; lastKnownFileType = file.storyboard; name = Base; path = Base.lproj/LaunchScreen.storyboard; sourceTree = "<group>"; };
		B876C5611EC0852C0083604F /* Info.plist */ = {isa = PBXFileReference; lastKnownFileType = text.plist.xml; path = Info.plist; sourceTree = "<group>"; };
		B876C5661EC0852C0083604F /* OXHanoiDemoTests.xctest */ = {isa = PBXFileReference; explicitFileType = wrapper.cfbundle; includeInIndex = 0; path = OXHanoiDemoTests.xctest; sourceTree = BUILT_PRODUCTS_DIR; };
		B876C56A1EC0852C0083604F /* OXHanoiDemoTests.m */ = {isa = PBXFileReference; lastKnownFileType = sourcecode.c.objc; path = OXHanoiDemoTests.m; sourceTree = "<group>"; };
		B876C56C1EC0852C0083604F /* Info.plist */ = {isa = PBXFileReference; lastKnownFileType = text.plist.xml; path = Info.plist; sourceTree = "<group>"; };
		B876C5711EC0852C0083604F /* OXHanoiDemoUITests.xctest */ = {isa = PBXFileReference; explicitFileType = wrapper.cfbundle; includeInIndex = 0; path = OXHanoiDemoUITests.xctest; sourceTree = BUILT_PRODUCTS_DIR; };
		B876C5751EC0852C0083604F /* OXHanoiDemoUITests.m */ = {isa = PBXFileReference; lastKnownFileType = sourcecode.c.objc; path = OXHanoiDemoUITests.m; sourceTree = "<group>"; };
		B876C5771EC0852C0083604F /* Info.plist */ = {isa = PBXFileReference; lastKnownFileType = text.plist.xml; path = Info.plist; sourceTree = "<group>"; };
		B876C5831EC08F220083604F /* OXMoveViewController.h */ = {isa = PBXFileReference; fileEncoding = 4; lastKnownFileType = sourcecode.c.h; path = OXMoveViewController.h; sourceTree = "<group>"; };
		B876C5841EC08F220083604F /* OXMoveViewController.m */ = {isa = PBXFileReference; fileEncoding = 4; lastKnownFileType = sourcecode.c.objc; path = OXMoveViewController.m; sourceTree = "<group>"; };
/* End PBXFileReference section */

/* Begin PBXFrameworksBuildPhase section */
		B876C54A1EC0852B0083604F /* Frameworks */ = {
			isa = PBXFrameworksBuildPhase;
			buildActionMask = 2147483647;
			files = (
			);
			runOnlyForDeploymentPostprocessing = 0;
		};
		B876C5631EC0852C0083604F /* Frameworks */ = {
			isa = PBXFrameworksBuildPhase;
			buildActionMask = 2147483647;
			files = (
			);
			runOnlyForDeploymentPostprocessing = 0;
		};
		B876C56E1EC0852C0083604F /* Frameworks */ = {
			isa = PBXFrameworksBuildPhase;
			buildActionMask = 2147483647;
			files = (
			);
			runOnlyForDeploymentPostprocessing = 0;
		};
/* End PBXFrameworksBuildPhase section */

/* Begin PBXGroup section */
		B876C5441EC0852B0083604F = {
			isa = PBXGroup;
			children = (
				B876C54F1EC0852B0083604F /* OXHanoiDemo */,
				B876C5691EC0852C0083604F /* OXHanoiDemoTests */,
				B876C5741EC0852C0083604F /* OXHanoiDemoUITests */,
				B876C54E1EC0852B0083604F /* Products */,
			);
			sourceTree = "<group>";
		};
		B876C54E1EC0852B0083604F /* Products */ = {
			isa = PBXGroup;
			children = (
				B876C54D1EC0852B0083604F /* OXHanoiDemo.app */,
				B876C5661EC0852C0083604F /* OXHanoiDemoTests.xctest */,
				B876C5711EC0852C0083604F /* OXHanoiDemoUITests.xctest */,
			);
			name = Products;
			sourceTree = "<group>";
		};
		B876C54F1EC0852B0083604F /* OXHanoiDemo */ = {
			isa = PBXGroup;
			children = (
				B876C5531EC0852B0083604F /* AppDelegate.h */,
				B876C5541EC0852B0083604F /* AppDelegate.m */,
				B876C5561EC0852B0083604F /* ViewController.h */,
				B876C5571EC0852B0083604F /* ViewController.m */,
				B876C5831EC08F220083604F /* OXMoveViewController.h */,
				B876C5841EC08F220083604F /* OXMoveViewController.m */,
				AD413EBF1ECC85280000F383 /* OXTowerView.h */,
				AD413EC01ECC85280000F383 /* OXTowerView.m */,
				B876C5591EC0852B0083604F /* Main.storyboard */,
				B876C55C1EC0852B0083604F /* Assets.xcassets */,
				B876C55E1EC0852C0083604F /* LaunchScreen.storyboard */,
				B876C5611EC0852C0083604F /* Info.plist */,
				B876C5501EC0852B0083604F /* Supporting Files */,
			);
			path = OXHanoiDemo;
			sourceTree = "<group>";
		};
		B876C5501EC0852B0083604F /* Supporting Files */ = {
			isa = PBXGroup;
			children = (
				B876C5511EC0852B0083604F /* main.m */,
			);
			name = "Supporting Files";
			sourceTree = "<group>";
		};
		B876C5691EC0852C0083604F /* OXHanoiDemoTests */ = {
			isa = PBXGroup;
			children = (
				B876C56A1EC0852C0083604F /* OXHanoiDemoTests.m */,
				B876C56C1EC0852C0083604F /* Info.plist */,
			);
			path = OXHanoiDemoTests;
			sourceTree = "<group>";
		};
		B876C5741EC0852C0083604F /* OXHanoiDemoUITests */ = {
			isa = PBXGroup;
			children = (
				B876C5751EC0852C0083604F /* OXHanoiDemoUITests.m */,
				B876C5771EC0852C0083604F /* Info.plist */,
			);
			path = OXHanoiDemoUITests;
			sourceTree = "<group>";
		};
/* End PBXGroup section */

/* Begin PBXNativeTarget section */
		B876C54C1EC0852B0083604F /* OXHanoiDemo */ = {
			isa = PBXNativeTarget;
			buildConfigurationList = B876C57A1EC0852C0083604F /* Build configuration list for PBXNativeTarget "OXHanoiDemo" */;
			buildPhases = (
				B876C5491EC0852B0083604F /* Sources */,
				B876C54A1EC0852B0083604F /* Frameworks */,
				B876C54B1EC0852B0083604F /* Resources */,
			);
			buildRules = (
			);
			dependencies = (
			);
			name = OXHanoiDemo;
			productName = OXHanoiDemo;
			productReference = B876C54D1EC0852B0083604F /* OXHanoiDemo.app */;
			productType = "com.apple.product-type.application";
		};
		B876C5651EC0852C0083604F /* OXHanoiDemoTests */ = {
			isa = PBXNativeTarget;
			buildConfigurationList = B876C57D1EC0852C0083604F /* Build configuration list for PBXNativeTarget "OXHanoiDemoTests" */;
			buildPhases = (
				B876C5621EC0852C0083604F /* Sources */,
				B876C5631EC0852C0083604F /* Frameworks */,
				B876C5641EC0852C0083604F /* Resources */,
			);
			buildRules = (
			);
			dependencies = (
				B876C5681EC0852C0083604F /* PBXTargetDependency */,
			);
			name = OXHanoiDemoTests;
			productName = OXHanoiDemoTests;
			productReference = B876C5661EC0852C0083604F /* OXHanoiDemoTests.xctest */;
			productType = "com.apple.product-type.bundle.unit-test";
		};
		B876C5701EC0852C0083604F /* OXHanoiDemoUITests */ = {
			isa = PBXNativeTarget;
			buildConfigurationList = B876C5801EC0852C0083604F /* Build configuration list for PBXNativeTarget "OXHanoiDemoUITests" */;
			buildPhases = (
				B876C56D1EC0852C0083604F /* Sources */,
				B876C56E1EC0852C0083604F /* Frameworks */,
				B876C56F1EC0852C0083604F /* Resources */,
			);
			buildRules = (
			);
			dependencies = (
				B876C5731EC0852C0083604F /* PBXTargetDependency */,
			);
			name = OXHanoiDemoUITests;
			productName = OXHanoiDemoUITests;
			productReference = B876C5711EC0852C0083604F /* OXHanoiDemoUITests.xctest */;
			productType = "com.apple.product-type.bundle.ui-testing";
		};
/* End PBXNativeTarget section */

/* Begin PBXProject section */
		B876C5451EC0852B0083604F /* Project object */ = {
			isa = PBXProject;
			attributes = {
				LastUpgradeCheck = 0830;
				ORGANIZATIONNAME = Cloudox;
				TargetAttributes = {
					B876C54C1EC0852B0083604F = {
						CreatedOnToolsVersion = 8.3.1;
						ProvisioningStyle = Automatic;
					};
					B876C5651EC0852C0083604F = {
						CreatedOnToolsVersion = 8.3.1;
						ProvisioningStyle = Automatic;
						TestTargetID = B876C54C1EC0852B0083604F;
					};
					B876C5701EC0852C0083604F = {
						CreatedOnToolsVersion = 8.3.1;
						ProvisioningStyle = Automatic;
						TestTargetID = B876C54C1EC0852B0083604F;
					};
				};
			};
			buildConfigurationList = B876C5481EC0852B0083604F /* Build configuration list for PBXProject "OXHanoiDemo" */;
			compatibilityVersion = "Xcode 3.2";
			developmentRegion = English;
			hasScannedForEncodings = 0;
			knownRegions = (
				en,
				Base,
			);
			mainGroup = B876C5441EC0852B0083604F;
			productRefGroup = B876C54E1EC0852B0083604F /* Products */;
			projectDirPath = "";
			projectRoot = "";
			targets = (
				B876C54C1EC0852B0083604F /* OXHanoiDemo */,
				B876C5651EC0852C0083604F /* OXHanoiDemoTests */,
				B876C5701EC0852C0083604F /* OXHanoiDemoUITests */,
			);
		};
/* End PBXProject section */

/* Begin PBXResourcesBuildPhase section */
		B876C54B1EC0852B0083604F /* Resources */ = {
			isa = PBXResourcesBuildPhase;
			buildActionMask = 2147483647;
			files = (
				B876C5601EC0852C0083604F /* LaunchScreen.storyboard in Resources */,
				B876C55D1EC0852B0083604F /* Assets.xcassets in Resources */,
				B876C55B1EC0852B0083604F /* Main.storyboard in Resources */,
			);
			runOnlyForDeploymentPostprocessing = 0;
		};
		B876C5641EC0852C0083604F /* Resources */ = {
			isa = PBXResourcesBuildPhase;
			buildActionMask = 2147483647;
			files = (
			);
			runOnlyForDeploymentPostprocessing = 0;
		};
		B876C56F1EC0852C0083604F /* Resources */ = {
			isa = PBXResourcesBuildPhase;
			buildActionMask = 2147483647;
			files = (
			);
			runOnlyForDeploymentPostprocessing = 0;
		};
/* End PBXResourcesBuildPhase section */

/* Begin PBXSourcesBuildPhase section */
		B876C5491EC0852B0083604F /* Sources */ = {
			isa = PBXSourcesBuildPhase;
			buildActionMask = 2147483647;
			files = (
				B876C5581EC0852B0083604F /* ViewController.m in Sources */,
				B876C5551EC0852B0083604F /* AppDelegate.m in Sources */,
				B876C5851EC08F220083604F /* OXMoveViewController.m in Sources */,
				B876C5521EC0852B0083604F /* main.m in Sources */,
				AD413EC11ECC85280000F383 /* OXTowerView.m in Sources */,
			);
			runOnlyForDeploymentPostprocessing = 0;
		};
		B876C5621EC0852C0083604F /* Sources */ = {
			isa = PBXSourcesBuildPhase;
			buildActionMask = 2147483647;
			files = (
				B876C56B1EC0852C0083604F /* OXHanoiDemoTests.m in Sources */,
			);
			runOnlyForDeploymentPostprocessing = 0;
		};
		B876C56D1EC0852C0083604F /* Sources */ = {
			isa = PBXSourcesBuildPhase;
			buildActionMask = 2147483647;
			files = (
				B876C5761EC0852C0083604F /* OXHanoiDemoUITests.m in Sources */,
			);
			runOnlyForDeploymentPostprocessing = 0;
		};
/* End PBXSourcesBuildPhase section */

/* Begin PBXTargetDependency section */
		B876C5681EC0852C0083604F /* PBXTargetDependency */ = {
			isa = PBXTargetDependency;
			target = B876C54C1EC0852B0083604F /* OXHanoiDemo */;
			targetProxy = B876C5671EC0852C0083604F /* PBXContainerItemProxy */;
		};
		B876C5731EC0852C0083604F /* PBXTargetDependency */ = {
			isa = PBXTargetDependency;
			target = B876C54C1EC0852B0083604F /* OXHanoiDemo */;
			targetProxy = B876C5721EC0852C0083604F /* PBXContainerItemProxy */;
		};
/* End PBXTargetDependency section */

/* Begin PBXVariantGroup section */
		B876C5591EC0852B0083604F /* Main.storyboard */ = {
			isa = PBXVariantGroup;
			children = (
				B876C55A1EC0852B0083604F /* Base */,
			);
			name = Main.storyboard;
			sourceTree = "<group>";
		};
		B876C55E1EC0852C0083604F /* LaunchScreen.storyboard */ = {
			isa = PBXVariantGroup;
			children = (
				B876C55F1EC0852C0083604F /* Base */,
			);
			name = LaunchScreen.storyboard;
			sourceTree = "<group>";
		};
/* End PBXVariantGroup section */

/* Begin XCBuildConfiguration section */
		B876C5781EC0852C0083604F /* Debug */ = {
			isa = XCBuildConfiguration;
			buildSettings = {
				ALWAYS_SEARCH_USER_PATHS = NO;
				CLANG_ANALYZER_NONNULL = YES;
				CLANG_ANALYZER_NUMBER_OBJECT_CONVERSION = YES_AGGRESSIVE;
				CLANG_CXX_LANGUAGE_STANDARD = "gnu++0x";
				CLANG_CXX_LIBRARY = "libc++";
				CLANG_ENABLE_MODULES = YES;
				CLANG_ENABLE_OBJC_ARC = YES;
				CLANG_WARN_BOOL_CONVERSION = YES;
				CLANG_WARN_CONSTANT_CONVERSION = YES;
				CLANG_WARN_DIRECT_OBJC_ISA_USAGE = YES_ERROR;
				CLANG_WARN_DOCUMENTATION_COMMENTS = YES;
				CLANG_WARN_EMPTY_BODY = YES;
				CLANG_WARN_ENUM_CONVERSION = YES;
				CLANG_WARN_INFINITE_RECURSION = YES;
				CLANG_WARN_INT_CONVERSION = YES;
				CLANG_WARN_OBJC_ROOT_CLASS = YES_ERROR;
				CLANG_WARN_SUSPICIOUS_MOVE = YES;
				CLANG_WARN_UNREACHABLE_CODE = YES;
				CLANG_WARN__DUPLICATE_METHOD_MATCH = YES;
				"CODE_SIGN_IDENTITY[sdk=iphoneos*]" = "iPhone Developer";
				COPY_PHASE_STRIP = NO;
				DEBUG_INFORMATION_FORMAT = dwarf;
				ENABLE_STRICT_OBJC_MSGSEND = YES;
				ENABLE_TESTABILITY = YES;
				GCC_C_LANGUAGE_STANDARD = gnu99;
				GCC_DYNAMIC_NO_PIC = NO;
				GCC_NO_COMMON_BLOCKS = YES;
				GCC_OPTIMIZATION_LEVEL = 0;
				GCC_PREPROCESSOR_DEFINITIONS = (
					"DEBUG=1",
					"$(inherited)",
				);
				GCC_WARN_64_TO_32_BIT_CONVERSION = YES;
				GCC_WARN_ABOUT_RETURN_TYPE = YES_ERROR;
				GCC_WARN_UNDECLARED_SELECTOR = YES;
				GCC_WARN_UNINITIALIZED_AUTOS = YES_AGGRESSIVE;
				GCC_WARN_UNUSED_FUNCTION = YES;
				GCC_WARN_UNUSED_VARIABLE = YES;
				IPHONEOS_DEPLOYMENT_TARGET = 10.3;
				MTL_ENABLE_DEBUG_INFO = YES;
				ONLY_ACTIVE_ARCH = YES;
				SDKROOT = iphoneos;
			};
			name = Debug;
		};
		B876C5791EC0852C0083604F /* Release */ = {
			isa = XCBuildConfiguration;
			buildSettings = {
				ALWAYS_SEARCH_USER_PATHS = NO;
				CLANG_ANALYZER_NONNULL = YES;
				CLANG_ANALYZER_NUMBER_OBJECT_CONVERSION = YES_AGGRESSIVE;
				CLANG_CXX_LANGUAGE_STANDARD = "gnu++0x";
				CLANG_CXX_LIBRARY = "libc++";
				CLANG_ENABLE_MODULES = YES;
				CLANG_ENABLE_OBJC_ARC = YES;
				CLANG_WARN_BOOL_CONVERSION = YES;
				CLANG_WARN_CONSTANT_CONVERSION = YES;
				CLANG_WARN_DIRECT_OBJC_ISA_USAGE = YES_ERROR;
				CLANG_WARN_DOCUMENTATION_COMMENTS = YES;
				CLANG_WARN_EMPTY_BODY = YES;
				CLANG_WARN_ENUM_CONVERSION = YES;
				CLANG_WARN_INFINITE_RECURSION = YES;
				CLANG_WARN_INT_CONVERSION = YES;
				CLANG_WARN_OBJC_ROOT_CLASS = YES_ERROR;
				CLANG_WARN_SUSPICIOUS_MOVE = YES;
				CLANG_WARN_UNREACHABLE_CODE = YES;
				CLANG_WARN__DUPLICATE_METHOD_MATCH = YES;
				"CODE_SIGN_IDENTITY[sdk=iphoneos*]" = "iPhone Developer";
				COPY_PHASE_STRIP = NO;
				DEBUG_INFORMATION_FORMAT = "dwarf-with-dsym";
				ENABLE_NS_ASSERTIONS = NO;
				ENABLE_STRICT_OBJC_MSGSEND = YES;
				GCC_C_LANGUAGE_STANDARD = gnu99;
				GCC_NO_COMMON_BLOCKS = YES;
				GCC_WARN_64_TO_32_BIT_CONVERSION = YES;
				GCC_WARN_ABOUT_RETURN_TYPE = YES_ERROR;
				GCC_WARN_UNDECLARED_SELECTOR = YES;
				GCC_WARN_UNINITIALIZED_AUTOS = YES_AGGRESSIVE;
				GCC_WARN_UNUSED_FUNCTION = YES;
				GCC_WARN_UNUSED_VARIABLE = YES;
				IPHONEOS_DEPLOYMENT_TARGET = 10.3;
				MTL_ENABLE_DEBUG_INFO = NO;
				SDKROOT = iphoneos;
				VALIDATE_PRODUCT = YES;
			};
			name = Release;
		};
		B876C57B1EC0852C0083604F /* Debug */ = {
			isa = XCBuildConfiguration;
			buildSettings = {
				ASSETCATALOG_COMPILER_APPICON_NAME = AppIcon;
				INFOPLIST_FILE = OXHanoiDemo/Info.plist;
				LD_RUNPATH_SEARCH_PATHS = "$(inherited) @executable_path/Frameworks";
				PRODUCT_BUNDLE_IDENTIFIER = Cloudox.OXHanoiDemo;
				PRODUCT_NAME = "$(TARGET_NAME)";
			};
			name = Debug;
		};
		B876C57C1EC0852C0083604F /* Release */ = {
			isa = XCBuildConfiguration;
			buildSettings = {
				ASSETCATALOG_COMPILER_APPICON_NAME = AppIcon;
				INFOPLIST_FILE = OXHanoiDemo/Info.plist;
				LD_RUNPATH_SEARCH_PATHS = "$(inherited) @executable_path/Frameworks";
				PRODUCT_BUNDLE_IDENTIFIER = Cloudox.OXHanoiDemo;
				PRODUCT_NAME = "$(TARGET_NAME)";
			};
			name = Release;
		};
		B876C57E1EC0852C0083604F /* Debug */ = {
			isa = XCBuildConfiguration;
			buildSettings = {
				BUNDLE_LOADER = "$(TEST_HOST)";
				INFOPLIST_FILE = OXHanoiDemoTests/Info.plist;
				LD_RUNPATH_SEARCH_PATHS = "$(inherited) @executable_path/Frameworks @loader_path/Frameworks";
				PRODUCT_BUNDLE_IDENTIFIER = Cloudox.OXHanoiDemoTests;
				PRODUCT_NAME = "$(TARGET_NAME)";
				TEST_HOST = "$(BUILT_PRODUCTS_DIR)/OXHanoiDemo.app/OXHanoiDemo";
			};
			name = Debug;
		};
		B876C57F1EC0852C0083604F /* Release */ = {
			isa = XCBuildConfiguration;
			buildSettings = {
				BUNDLE_LOADER = "$(TEST_HOST)";
				INFOPLIST_FILE = OXHanoiDemoTests/Info.plist;
				LD_RUNPATH_SEARCH_PATHS = "$(inherited) @executable_path/Frameworks @loader_path/Frameworks";
				PRODUCT_BUNDLE_IDENTIFIER = Cloudox.OXHanoiDemoTests;
				PRODUCT_NAME = "$(TARGET_NAME)";
				TEST_HOST = "$(BUILT_PRODUCTS_DIR)/OXHanoiDemo.app/OXHanoiDemo";
			};
			name = Release;
		};
		B876C5811EC0852C0083604F /* Debug */ = {
			isa = XCBuildConfiguration;
			buildSettings = {
				INFOPLIST_FILE = OXHanoiDemoUITests/Info.plist;
				LD_RUNPATH_SEARCH_PATHS = "$(inherited) @executable_path/Frameworks @loader_path/Frameworks";
				PRODUCT_BUNDLE_IDENTIFIER = Cloudox.OXHanoiDemoUITests;
				PRODUCT_NAME = "$(TARGET_NAME)";
				TEST_TARGET_NAME = OXHanoiDemo;
			};
			name = Debug;
		};
		B876C5821EC0852C0083604F /* Release */ = {
			isa = XCBuildConfiguration;
			buildSettings = {
				INFOPLIST_FILE = OXHanoiDemoUITests/Info.plist;
				LD_RUNPATH_SEARCH_PATHS = "$(inherited) @executable_path/Frameworks @loader_path/Frameworks";
				PRODUCT_BUNDLE_IDENTIFIER = Cloudox.OXHanoiDemoUITests;
				PRODUCT_NAME = "$(TARGET_NAME)";
				TEST_TARGET_NAME = OXHanoiDemo;
			};
			name = Release;
		};
/* End XCBuildConfiguration section */

/* Begin XCConfigurationList section */
		B876C5481EC0852B0083604F /* Build configuration list for PBXProject "OXHanoiDemo" */ = {
			isa = XCConfigurationList;
			buildConfigurations = (
				B876C5781EC0852C0083604F /* Debug */,
				B876C5791EC0852C0083604F /* Release */,
			);
			defaultConfigurationIsVisible = 0;
			defaultConfigurationName = Release;
		};
		B876C57A1EC0852C0083604F /* Build configuration list for PBXNativeTarget "OXHanoiDemo" */ = {
			isa = XCConfigurationList;
			buildConfigurations = (
				B876C57B1EC0852C0083604F /* Debug */,
				B876C57C1EC0852C0083604F /* Release */,
			);
			defaultConfigurationIsVisible = 0;
			defaultConfigurationName = Release;
		};
		B876C57D1EC0852C0083604F /* Build configuration list for PBXNativeTarget "OXHanoiDemoTests" */ = {
			isa = XCConfigurationList;
			buildConfigurations = (
				B876C57E1EC0852C0083604F /* Debug */,
				B876C57F1EC0852C0083604F /* Release */,
			);
			defaultConfigurationIsVisible = 0;
			defaultConfigurationName = Release;
		};
		B876C5801EC0852C0083604F /* Build configuration list for PBXNativeTarget "OXHanoiDemoUITests" */ = {
			isa = XCConfigurationList;
			buildConfigurations = (
				B876C5811EC0852C0083604F /* Debug */,
				B876C5821EC0852C0083604F /* Release */,
			);
			defaultConfigurationIsVisible = 0;
			defaultConfigurationName = Release;
		};
/* End XCConfigurationList section */
	};
	rootObject = B876C5451EC0852B0083604F /* Project object */;
}
